// !$*UTF8*$!
{
	archiveVersion = 1;
	classes = {
	};
	objectVersion = 56;
	objects = {

/* Begin PBXBuildFile section */
		061B73832CEB821300C13ABD /* TaskModule.swift in Sources */ = {isa = PBXBuildFile; fileRef = 061B73822CEB820E00C13ABD /* TaskModule.swift */; };
		C0071E7B2CF0A98C003FBFF9 /* ToDoApp.xcdatamodeld in Sources */ = {isa = PBXBuildFile; fileRef = C0071E792CF0A98C003FBFF9 /* ToDoApp.xcdatamodeld */; };
		C037796A2CEFB4FA0017BC23 /* UIViewController + extension.swift in Sources */ = {isa = PBXBuildFile; fileRef = C03779692CEFB4FA0017BC23 /* UIViewController + extension.swift */; };
		C037796E2CF04A8F0017BC23 /* TaskError.swift in Sources */ = {isa = PBXBuildFile; fileRef = C037796D2CF04A8F0017BC23 /* TaskError.swift */; };
		C05D85B22CEA094D00593F9C /* AddTaskViewModel.swift in Sources */ = {isa = PBXBuildFile; fileRef = C05D85B12CEA094D00593F9C /* AddTaskViewModel.swift */; };
		C05D85B42CEA0AE000593F9C /* Coordinator.swift in Sources */ = {isa = PBXBuildFile; fileRef = C05D85B32CEA0AE000593F9C /* Coordinator.swift */; };
		C05D85C12CEF02E600593F9C /* String+ extension.swift in Sources */ = {isa = PBXBuildFile; fileRef = C05D85C02CEF02E600593F9C /* String+ extension.swift */; };
		C05D85C42CEF068700593F9C /* Localizable.strings in Resources */ = {isa = PBXBuildFile; fileRef = C05D85C22CEF068700593F9C /* Localizable.strings */; };
		C06AB0912CE1F25C00B20AD2 /* AppDelegate.swift in Sources */ = {isa = PBXBuildFile; fileRef = C06AB0902CE1F25C00B20AD2 /* AppDelegate.swift */; };
		C06AB0932CE1F25C00B20AD2 /* SceneDelegate.swift in Sources */ = {isa = PBXBuildFile; fileRef = C06AB0922CE1F25C00B20AD2 /* SceneDelegate.swift */; };
		C06AB0952CE1F25C00B20AD2 /* TaskViewController.swift in Sources */ = {isa = PBXBuildFile; fileRef = C06AB0942CE1F25C00B20AD2 /* TaskViewController.swift */; };
		C06AB09D2CE1F25E00B20AD2 /* Assets.xcassets in Resources */ = {isa = PBXBuildFile; fileRef = C06AB09C2CE1F25E00B20AD2 /* Assets.xcassets */; };
		C06AB0A02CE1F25E00B20AD2 /* Base in Resources */ = {isa = PBXBuildFile; fileRef = C06AB09F2CE1F25E00B20AD2 /* Base */; };
		C06AB0AC2CE2463600B20AD2 /* AddTaskViewController.swift in Sources */ = {isa = PBXBuildFile; fileRef = C06AB0AB2CE2463600B20AD2 /* AddTaskViewController.swift */; };
		C06AB0AF2CE2470000B20AD2 /* ToDoTableViewCell.swift in Sources */ = {isa = PBXBuildFile; fileRef = C06AB0AE2CE2470000B20AD2 /* ToDoTableViewCell.swift */; };
		C06AB0B22CE24A9600B20AD2 /* SnapKit in Frameworks */ = {isa = PBXBuildFile; productRef = C06AB0B12CE24A9600B20AD2 /* SnapKit */; };
		C0B2D0A92CE26BC800416CA6 /* TaskModel.swift in Sources */ = {isa = PBXBuildFile; fileRef = C0B2D0A82CE26BC800416CA6 /* TaskModel.swift */; };
		C0B2D0AB2CE289C600416CA6 /* TaskViewModel.swift in Sources */ = {isa = PBXBuildFile; fileRef = C0B2D0AA2CE289C600416CA6 /* TaskViewModel.swift */; };
		C0B2D0B12CE2902400416CA6 /* DetailTaskViewController.swift in Sources */ = {isa = PBXBuildFile; fileRef = C0B2D0B02CE2902400416CA6 /* DetailTaskViewController.swift */; };
		C0B2D0B62CE3561A00416CA6 /* TaskRepository.swift in Sources */ = {isa = PBXBuildFile; fileRef = C0B2D0B52CE3561A00416CA6 /* TaskRepository.swift */; };
		C0B2D0BB2CE381E300416CA6 /* CoreDataManager.swift in Sources */ = {isa = PBXBuildFile; fileRef = C0B2D0BA2CE381E300416CA6 /* CoreDataManager.swift */; };
		C0B2D0C62CE48A2A00416CA6 /* TaskEntity.swift in Sources */ = {isa = PBXBuildFile; fileRef = C0B2D0C52CE48A2A00416CA6 /* TaskEntity.swift */; };
/* End PBXBuildFile section */

/* Begin PBXFileReference section */
		061B73822CEB820E00C13ABD /* TaskModule.swift */ = {isa = PBXFileReference; lastKnownFileType = sourcecode.swift; path = TaskModule.swift; sourceTree = "<group>"; };
		C0071E7A2CF0A98C003FBFF9 /* ToDoApp.xcdatamodel */ = {isa = PBXFileReference; lastKnownFileType = wrapper.xcdatamodel; path = ToDoApp.xcdatamodel; sourceTree = "<group>"; };
		C03779692CEFB4FA0017BC23 /* UIViewController + extension.swift */ = {isa = PBXFileReference; lastKnownFileType = sourcecode.swift; path = "UIViewController + extension.swift"; sourceTree = "<group>"; };
		C037796D2CF04A8F0017BC23 /* TaskError.swift */ = {isa = PBXFileReference; lastKnownFileType = sourcecode.swift; path = TaskError.swift; sourceTree = "<group>"; };
		C05D85B12CEA094D00593F9C /* AddTaskViewModel.swift */ = {isa = PBXFileReference; lastKnownFileType = sourcecode.swift; path = AddTaskViewModel.swift; sourceTree = "<group>"; };
		C05D85B32CEA0AE000593F9C /* Coordinator.swift */ = {isa = PBXFileReference; lastKnownFileType = sourcecode.swift; path = Coordinator.swift; sourceTree = "<group>"; };
		C05D85BE2CEF026800593F9C /* ru */ = {isa = PBXFileReference; lastKnownFileType = text.plist.strings; name = ru; path = ru.lproj/LaunchScreen.strings; sourceTree = "<group>"; };
		C05D85C02CEF02E600593F9C /* String+ extension.swift */ = {isa = PBXFileReference; lastKnownFileType = sourcecode.swift; path = "String+ extension.swift"; sourceTree = "<group>"; };
		C05D85C32CEF068700593F9C /* en */ = {isa = PBXFileReference; lastKnownFileType = text.plist.strings; name = en; path = en.lproj/Localizable.strings; sourceTree = "<group>"; };
		C05D85C52CEF068A00593F9C /* ru */ = {isa = PBXFileReference; lastKnownFileType = text.plist.strings; name = ru; path = ru.lproj/Localizable.strings; sourceTree = "<group>"; };
		C06AB08D2CE1F25C00B20AD2 /* ToDoApp.app */ = {isa = PBXFileReference; explicitFileType = wrapper.application; includeInIndex = 0; path = ToDoApp.app; sourceTree = BUILT_PRODUCTS_DIR; };
		C06AB0902CE1F25C00B20AD2 /* AppDelegate.swift */ = {isa = PBXFileReference; lastKnownFileType = sourcecode.swift; path = AppDelegate.swift; sourceTree = "<group>"; };
		C06AB0922CE1F25C00B20AD2 /* SceneDelegate.swift */ = {isa = PBXFileReference; lastKnownFileType = sourcecode.swift; path = SceneDelegate.swift; sourceTree = "<group>"; };
		C06AB0942CE1F25C00B20AD2 /* TaskViewController.swift */ = {isa = PBXFileReference; lastKnownFileType = sourcecode.swift; path = TaskViewController.swift; sourceTree = "<group>"; };
		C06AB09C2CE1F25E00B20AD2 /* Assets.xcassets */ = {isa = PBXFileReference; lastKnownFileType = folder.assetcatalog; path = Assets.xcassets; sourceTree = "<group>"; };
		C06AB09F2CE1F25E00B20AD2 /* Base */ = {isa = PBXFileReference; lastKnownFileType = file.storyboard; name = Base; path = Base.lproj/LaunchScreen.storyboard; sourceTree = "<group>"; };
		C06AB0A12CE1F25E00B20AD2 /* Info.plist */ = {isa = PBXFileReference; lastKnownFileType = text.plist.xml; path = Info.plist; sourceTree = "<group>"; };
		C06AB0AB2CE2463600B20AD2 /* AddTaskViewController.swift */ = {isa = PBXFileReference; lastKnownFileType = sourcecode.swift; path = AddTaskViewController.swift; sourceTree = "<group>"; };
		C06AB0AE2CE2470000B20AD2 /* ToDoTableViewCell.swift */ = {isa = PBXFileReference; lastKnownFileType = sourcecode.swift; path = ToDoTableViewCell.swift; sourceTree = "<group>"; };
		C0B2D0A82CE26BC800416CA6 /* TaskModel.swift */ = {isa = PBXFileReference; lastKnownFileType = sourcecode.swift; path = TaskModel.swift; sourceTree = "<group>"; };
		C0B2D0AA2CE289C600416CA6 /* TaskViewModel.swift */ = {isa = PBXFileReference; lastKnownFileType = sourcecode.swift; path = TaskViewModel.swift; sourceTree = "<group>"; };
		C0B2D0B02CE2902400416CA6 /* DetailTaskViewController.swift */ = {isa = PBXFileReference; lastKnownFileType = sourcecode.swift; path = DetailTaskViewController.swift; sourceTree = "<group>"; };
		C0B2D0B52CE3561A00416CA6 /* TaskRepository.swift */ = {isa = PBXFileReference; lastKnownFileType = sourcecode.swift; path = TaskRepository.swift; sourceTree = "<group>"; };
		C0B2D0BA2CE381E300416CA6 /* CoreDataManager.swift */ = {isa = PBXFileReference; lastKnownFileType = sourcecode.swift; path = CoreDataManager.swift; sourceTree = "<group>"; };
		C0B2D0C52CE48A2A00416CA6 /* TaskEntity.swift */ = {isa = PBXFileReference; lastKnownFileType = sourcecode.swift; path = TaskEntity.swift; sourceTree = "<group>"; };
/* End PBXFileReference section */

/* Begin PBXFrameworksBuildPhase section */
		C06AB08A2CE1F25C00B20AD2 /* Frameworks */ = {
			isa = PBXFrameworksBuildPhase;
			buildActionMask = 2147483647;
			files = (
				C06AB0B22CE24A9600B20AD2 /* SnapKit in Frameworks */,
			);
			runOnlyForDeploymentPostprocessing = 0;
		};
/* End PBXFrameworksBuildPhase section */

/* Begin PBXGroup section */
		C037796C2CF04A6E0017BC23 /* Error */ = {
			isa = PBXGroup;
			children = (
				C037796D2CF04A8F0017BC23 /* TaskError.swift */,
			);
			path = Error;
			sourceTree = "<group>";
		};
		C05D85B52CEBA6F200593F9C /* Helpers */ = {
			isa = PBXGroup;
			children = (
				061B73822CEB820E00C13ABD /* TaskModule.swift */,
			);
			path = Helpers;
			sourceTree = "<group>";
		};
		C05D85BF2CEF02CF00593F9C /* Extension */ = {
			isa = PBXGroup;
			children = (
				C05D85C02CEF02E600593F9C /* String+ extension.swift */,
				C03779692CEFB4FA0017BC23 /* UIViewController + extension.swift */,
			);
			path = Extension;
			sourceTree = "<group>";
		};
		C06AB0842CE1F25C00B20AD2 = {
			isa = PBXGroup;
			children = (
				C05D85C22CEF068700593F9C /* Localizable.strings */,
				C06AB08F2CE1F25C00B20AD2 /* ToDoApp */,
				C06AB08E2CE1F25C00B20AD2 /* Products */,
			);
			sourceTree = "<group>";
		};
		C06AB08E2CE1F25C00B20AD2 /* Products */ = {
			isa = PBXGroup;
			children = (
				C06AB08D2CE1F25C00B20AD2 /* ToDoApp.app */,
			);
			name = Products;
			sourceTree = "<group>";
		};
		C06AB08F2CE1F25C00B20AD2 /* ToDoApp */ = {
			isa = PBXGroup;
			children = (
				C0071E792CF0A98C003FBFF9 /* ToDoApp.xcdatamodeld */,
				C06AB0A72CE1FB0200B20AD2 /* App */,
				C06AB0A82CE2450400B20AD2 /* Modules */,
				C0B2D0AD2CE28F4200416CA6 /* Services */,
				C0B2D0B42CE3560300416CA6 /* Storage */,
				C05D85BF2CEF02CF00593F9C /* Extension */,
				C037796C2CF04A6E0017BC23 /* Error */,
				C06AB09C2CE1F25E00B20AD2 /* Assets.xcassets */,
				C06AB09E2CE1F25E00B20AD2 /* LaunchScreen.storyboard */,
				C06AB0A12CE1F25E00B20AD2 /* Info.plist */,
			);
			path = ToDoApp;
			sourceTree = "<group>";
		};
		C06AB0A72CE1FB0200B20AD2 /* App */ = {
			isa = PBXGroup;
			children = (
				C06AB0902CE1F25C00B20AD2 /* AppDelegate.swift */,
				C06AB0922CE1F25C00B20AD2 /* SceneDelegate.swift */,
				C05D85B32CEA0AE000593F9C /* Coordinator.swift */,
				C05D85B52CEBA6F200593F9C /* Helpers */,
			);
			path = App;
			sourceTree = "<group>";
		};
		C06AB0A82CE2450400B20AD2 /* Modules */ = {
			isa = PBXGroup;
			children = (
				C06AB0A92CE2450F00B20AD2 /* ViewControllers */,
				C06AB0AA2CE2453500B20AD2 /* ViewModels */,
				C06AB0AD2CE246A800B20AD2 /* Models */,
			);
			path = Modules;
			sourceTree = "<group>";
		};
		C06AB0A92CE2450F00B20AD2 /* ViewControllers */ = {
			isa = PBXGroup;
			children = (
				C06AB0942CE1F25C00B20AD2 /* TaskViewController.swift */,
				C06AB0AE2CE2470000B20AD2 /* ToDoTableViewCell.swift */,
				C06AB0AB2CE2463600B20AD2 /* AddTaskViewController.swift */,
				C0B2D0B02CE2902400416CA6 /* DetailTaskViewController.swift */,
			);
			path = ViewControllers;
			sourceTree = "<group>";
		};
		C06AB0AA2CE2453500B20AD2 /* ViewModels */ = {
			isa = PBXGroup;
			children = (
				C0B2D0AA2CE289C600416CA6 /* TaskViewModel.swift */,
				C05D85B12CEA094D00593F9C /* AddTaskViewModel.swift */,
			);
			path = ViewModels;
			sourceTree = "<group>";
		};
		C06AB0AD2CE246A800B20AD2 /* Models */ = {
			isa = PBXGroup;
			children = (
				C0B2D0A82CE26BC800416CA6 /* TaskModel.swift */,
			);
			path = Models;
			sourceTree = "<group>";
		};
		C0B2D0AD2CE28F4200416CA6 /* Services */ = {
			isa = PBXGroup;
			children = (
				C0B2D0B52CE3561A00416CA6 /* TaskRepository.swift */,
			);
			path = Services;
			sourceTree = "<group>";
		};
		C0B2D0B42CE3560300416CA6 /* Storage */ = {
			isa = PBXGroup;
			children = (
				C0B2D0BA2CE381E300416CA6 /* CoreDataManager.swift */,
				C0B2D0C52CE48A2A00416CA6 /* TaskEntity.swift */,
			);
			path = Storage;
			sourceTree = "<group>";
		};
/* End PBXGroup section */

/* Begin PBXNativeTarget section */
		C06AB08C2CE1F25C00B20AD2 /* ToDoApp */ = {
			isa = PBXNativeTarget;
			buildConfigurationList = C06AB0A42CE1F25E00B20AD2 /* Build configuration list for PBXNativeTarget "ToDoApp" */;
			buildPhases = (
				C06AB0892CE1F25C00B20AD2 /* Sources */,
				C06AB08A2CE1F25C00B20AD2 /* Frameworks */,
				C06AB08B2CE1F25C00B20AD2 /* Resources */,
			);
			buildRules = (
			);
			dependencies = (
			);
			name = ToDoApp;
			packageProductDependencies = (
				C06AB0B12CE24A9600B20AD2 /* SnapKit */,
			);
			productName = ToDoApp;
			productReference = C06AB08D2CE1F25C00B20AD2 /* ToDoApp.app */;
			productType = "com.apple.product-type.application";
		};
/* End PBXNativeTarget section */

/* Begin PBXProject section */
		C06AB0852CE1F25C00B20AD2 /* Project object */ = {
			isa = PBXProject;
			attributes = {
				BuildIndependentTargetsInParallel = 1;
				LastSwiftUpdateCheck = 1530;
				LastUpgradeCheck = 1530;
				TargetAttributes = {
					C06AB08C2CE1F25C00B20AD2 = {
						CreatedOnToolsVersion = 15.3;
					};
				};
			};
			buildConfigurationList = C06AB0882CE1F25C00B20AD2 /* Build configuration list for PBXProject "ToDoApp" */;
			compatibilityVersion = "Xcode 14.0";
			developmentRegion = en;
			hasScannedForEncodings = 0;
			knownRegions = (
				en,
				Base,
				ru,
			);
			mainGroup = C06AB0842CE1F25C00B20AD2;
			packageReferences = (
				C06AB0B02CE24A9600B20AD2 /* XCRemoteSwiftPackageReference "SnapKit" */,
			);
			productRefGroup = C06AB08E2CE1F25C00B20AD2 /* Products */;
			projectDirPath = "";
			projectRoot = "";
			targets = (
				C06AB08C2CE1F25C00B20AD2 /* ToDoApp */,
			);
		};
/* End PBXProject section */

/* Begin PBXResourcesBuildPhase section */
		C06AB08B2CE1F25C00B20AD2 /* Resources */ = {
			isa = PBXResourcesBuildPhase;
			buildActionMask = 2147483647;
			files = (
				C06AB09D2CE1F25E00B20AD2 /* Assets.xcassets in Resources */,
				C05D85C42CEF068700593F9C /* Localizable.strings in Resources */,
				C06AB0A02CE1F25E00B20AD2 /* Base in Resources */,
			);
			runOnlyForDeploymentPostprocessing = 0;
		};
/* End PBXResourcesBuildPhase section */

/* Begin PBXSourcesBuildPhase section */
		C06AB0892CE1F25C00B20AD2 /* Sources */ = {
			isa = PBXSourcesBuildPhase;
			buildActionMask = 2147483647;
			files = (
				C06AB0952CE1F25C00B20AD2 /* TaskViewController.swift in Sources */,
				C037796E2CF04A8F0017BC23 /* TaskError.swift in Sources */,
				C05D85C12CEF02E600593F9C /* String+ extension.swift in Sources */,
				C06AB0912CE1F25C00B20AD2 /* AppDelegate.swift in Sources */,
				C05D85B42CEA0AE000593F9C /* Coordinator.swift in Sources */,
				C06AB0932CE1F25C00B20AD2 /* SceneDelegate.swift in Sources */,
				061B73832CEB821300C13ABD /* TaskModule.swift in Sources */,
				C0071E7B2CF0A98C003FBFF9 /* ToDoApp.xcdatamodeld in Sources */,
				C05D85B22CEA094D00593F9C /* AddTaskViewModel.swift in Sources */,
				C0B2D0C62CE48A2A00416CA6 /* TaskEntity.swift in Sources */,
				C0B2D0B62CE3561A00416CA6 /* TaskRepository.swift in Sources */,
				C0B2D0B12CE2902400416CA6 /* DetailTaskViewController.swift in Sources */,
				C0B2D0BB2CE381E300416CA6 /* CoreDataManager.swift in Sources */,
				C06AB0AF2CE2470000B20AD2 /* ToDoTableViewCell.swift in Sources */,
				C0B2D0AB2CE289C600416CA6 /* TaskViewModel.swift in Sources */,
				C037796A2CEFB4FA0017BC23 /* UIViewController + extension.swift in Sources */,
				C0B2D0A92CE26BC800416CA6 /* TaskModel.swift in Sources */,
				C06AB0AC2CE2463600B20AD2 /* AddTaskViewController.swift in Sources */,
			);
			runOnlyForDeploymentPostprocessing = 0;
		};
/* End PBXSourcesBuildPhase section */

/* Begin PBXVariantGroup section */
		C05D85C22CEF068700593F9C /* Localizable.strings */ = {
			isa = PBXVariantGroup;
			children = (
				C05D85C32CEF068700593F9C /* en */,
				C05D85C52CEF068A00593F9C /* ru */,
			);
			name = Localizable.strings;
			sourceTree = "<group>";
		};
		C06AB09E2CE1F25E00B20AD2 /* LaunchScreen.storyboard */ = {
			isa = PBXVariantGroup;
			children = (
				C06AB09F2CE1F25E00B20AD2 /* Base */,
				C05D85BE2CEF026800593F9C /* ru */,
			);
			name = LaunchScreen.storyboard;
			sourceTree = "<group>";
		};
/* End PBXVariantGroup section */

/* Begin XCBuildConfiguration section */
		C06AB0A22CE1F25E00B20AD2 /* Debug */ = {
			isa = XCBuildConfiguration;
			buildSettings = {
				ALWAYS_SEARCH_USER_PATHS = NO;
				ASSETCATALOG_COMPILER_GENERATE_SWIFT_ASSET_SYMBOL_EXTENSIONS = YES;
				CLANG_ANALYZER_LOCALIZABILITY_NONLOCALIZED = YES;
				CLANG_ANALYZER_NONNULL = YES;
				CLANG_ANALYZER_NUMBER_OBJECT_CONVERSION = YES_AGGRESSIVE;
				CLANG_CXX_LANGUAGE_STANDARD = "gnu++20";
				CLANG_ENABLE_MODULES = YES;
				CLANG_ENABLE_OBJC_ARC = YES;
				CLANG_ENABLE_OBJC_WEAK = YES;
				CLANG_WARN_BLOCK_CAPTURE_AUTORELEASING = YES;
				CLANG_WARN_BOOL_CONVERSION = YES;
				CLANG_WARN_COMMA = YES;
				CLANG_WARN_CONSTANT_CONVERSION = YES;
				CLANG_WARN_DEPRECATED_OBJC_IMPLEMENTATIONS = YES;
				CLANG_WARN_DIRECT_OBJC_ISA_USAGE = YES_ERROR;
				CLANG_WARN_DOCUMENTATION_COMMENTS = YES;
				CLANG_WARN_EMPTY_BODY = YES;
				CLANG_WARN_ENUM_CONVERSION = YES;
				CLANG_WARN_INFINITE_RECURSION = YES;
				CLANG_WARN_INT_CONVERSION = YES;
				CLANG_WARN_NON_LITERAL_NULL_CONVERSION = YES;
				CLANG_WARN_OBJC_IMPLICIT_RETAIN_SELF = YES;
				CLANG_WARN_OBJC_LITERAL_CONVERSION = YES;
				CLANG_WARN_OBJC_ROOT_CLASS = YES_ERROR;
				CLANG_WARN_QUOTED_INCLUDE_IN_FRAMEWORK_HEADER = YES;
				CLANG_WARN_RANGE_LOOP_ANALYSIS = YES;
				CLANG_WARN_STRICT_PROTOTYPES = YES;
				CLANG_WARN_SUSPICIOUS_MOVE = YES;
				CLANG_WARN_UNGUARDED_AVAILABILITY = YES_AGGRESSIVE;
				CLANG_WARN_UNREACHABLE_CODE = YES;
				CLANG_WARN__DUPLICATE_METHOD_MATCH = YES;
				COPY_PHASE_STRIP = NO;
				DEBUG_INFORMATION_FORMAT = dwarf;
				ENABLE_STRICT_OBJC_MSGSEND = YES;
				ENABLE_TESTABILITY = YES;
				ENABLE_USER_SCRIPT_SANDBOXING = YES;
				GCC_C_LANGUAGE_STANDARD = gnu17;
				GCC_DYNAMIC_NO_PIC = NO;
				GCC_NO_COMMON_BLOCKS = YES;
				GCC_OPTIMIZATION_LEVEL = 0;
				GCC_PREPROCESSOR_DEFINITIONS = (
					"DEBUG=1",
					"$(inherited)",
				);
				GCC_WARN_64_TO_32_BIT_CONVERSION = YES;
				GCC_WARN_ABOUT_RETURN_TYPE = YES_ERROR;
				GCC_WARN_UNDECLARED_SELECTOR = YES;
				GCC_WARN_UNINITIALIZED_AUTOS = YES_AGGRESSIVE;
				GCC_WARN_UNUSED_FUNCTION = YES;
				GCC_WARN_UNUSED_VARIABLE = YES;
				IPHONEOS_DEPLOYMENT_TARGET = 17.4;
				LOCALIZATION_PREFERS_STRING_CATALOGS = YES;
				MTL_ENABLE_DEBUG_INFO = INCLUDE_SOURCE;
				MTL_FAST_MATH = YES;
				ONLY_ACTIVE_ARCH = YES;
				SDKROOT = iphoneos;
				SWIFT_ACTIVE_COMPILATION_CONDITIONS = "DEBUG $(inherited)";
				SWIFT_OPTIMIZATION_LEVEL = "-Onone";
			};
			name = Debug;
		};
		C06AB0A32CE1F25E00B20AD2 /* Release */ = {
			isa = XCBuildConfiguration;
			buildSettings = {
				ALWAYS_SEARCH_USER_PATHS = NO;
				ASSETCATALOG_COMPILER_GENERATE_SWIFT_ASSET_SYMBOL_EXTENSIONS = YES;
				CLANG_ANALYZER_LOCALIZABILITY_NONLOCALIZED = YES;
				CLANG_ANALYZER_NONNULL = YES;
				CLANG_ANALYZER_NUMBER_OBJECT_CONVERSION = YES_AGGRESSIVE;
				CLANG_CXX_LANGUAGE_STANDARD = "gnu++20";
				CLANG_ENABLE_MODULES = YES;
				CLANG_ENABLE_OBJC_ARC = YES;
				CLANG_ENABLE_OBJC_WEAK = YES;
				CLANG_WARN_BLOCK_CAPTURE_AUTORELEASING = YES;
				CLANG_WARN_BOOL_CONVERSION = YES;
				CLANG_WARN_COMMA = YES;
				CLANG_WARN_CONSTANT_CONVERSION = YES;
				CLANG_WARN_DEPRECATED_OBJC_IMPLEMENTATIONS = YES;
				CLANG_WARN_DIRECT_OBJC_ISA_USAGE = YES_ERROR;
				CLANG_WARN_DOCUMENTATION_COMMENTS = YES;
				CLANG_WARN_EMPTY_BODY = YES;
				CLANG_WARN_ENUM_CONVERSION = YES;
				CLANG_WARN_INFINITE_RECURSION = YES;
				CLANG_WARN_INT_CONVERSION = YES;
				CLANG_WARN_NON_LITERAL_NULL_CONVERSION = YES;
				CLANG_WARN_OBJC_IMPLICIT_RETAIN_SELF = YES;
				CLANG_WARN_OBJC_LITERAL_CONVERSION = YES;
				CLANG_WARN_OBJC_ROOT_CLASS = YES_ERROR;
				CLANG_WARN_QUOTED_INCLUDE_IN_FRAMEWORK_HEADER = YES;
				CLANG_WARN_RANGE_LOOP_ANALYSIS = YES;
				CLANG_WARN_STRICT_PROTOTYPES = YES;
				CLANG_WARN_SUSPICIOUS_MOVE = YES;
				CLANG_WARN_UNGUARDED_AVAILABILITY = YES_AGGRESSIVE;
				CLANG_WARN_UNREACHABLE_CODE = YES;
				CLANG_WARN__DUPLICATE_METHOD_MATCH = YES;
				COPY_PHASE_STRIP = NO;
				DEBUG_INFORMATION_FORMAT = "dwarf-with-dsym";
				ENABLE_NS_ASSERTIONS = NO;
				ENABLE_STRICT_OBJC_MSGSEND = YES;
				ENABLE_USER_SCRIPT_SANDBOXING = YES;
				GCC_C_LANGUAGE_STANDARD = gnu17;
				GCC_NO_COMMON_BLOCKS = YES;
				GCC_WARN_64_TO_32_BIT_CONVERSION = YES;
				GCC_WARN_ABOUT_RETURN_TYPE = YES_ERROR;
				GCC_WARN_UNDECLARED_SELECTOR = YES;
				GCC_WARN_UNINITIALIZED_AUTOS = YES_AGGRESSIVE;
				GCC_WARN_UNUSED_FUNCTION = YES;
				GCC_WARN_UNUSED_VARIABLE = YES;
				IPHONEOS_DEPLOYMENT_TARGET = 17.4;
				LOCALIZATION_PREFERS_STRING_CATALOGS = YES;
				MTL_ENABLE_DEBUG_INFO = NO;
				MTL_FAST_MATH = YES;
				SDKROOT = iphoneos;
				SWIFT_COMPILATION_MODE = wholemodule;
				VALIDATE_PRODUCT = YES;
			};
			name = Release;
		};
		C06AB0A52CE1F25E00B20AD2 /* Debug */ = {
			isa = XCBuildConfiguration;
			buildSettings = {
				ASSETCATALOG_COMPILER_APPICON_NAME = AppIcon;
				ASSETCATALOG_COMPILER_GLOBAL_ACCENT_COLOR_NAME = AccentColor;
				CODE_SIGN_STYLE = Automatic;
				CURRENT_PROJECT_VERSION = 1;
				DEVELOPMENT_TEAM = C6YBX2MCPS;
				GENERATE_INFOPLIST_FILE = YES;
				INFOPLIST_FILE = ToDoApp/Info.plist;
				INFOPLIST_KEY_UIApplicationSupportsIndirectInputEvents = YES;
				INFOPLIST_KEY_UILaunchStoryboardName = LaunchScreen;
				INFOPLIST_KEY_UISupportedInterfaceOrientations_iPad = "UIInterfaceOrientationPortrait UIInterfaceOrientationPortraitUpsideDown UIInterfaceOrientationLandscapeLeft UIInterfaceOrientationLandscapeRight";
				INFOPLIST_KEY_UISupportedInterfaceOrientations_iPhone = "UIInterfaceOrientationPortrait UIInterfaceOrientationLandscapeLeft UIInterfaceOrientationLandscapeRight";
				IPHONEOS_DEPLOYMENT_TARGET = 16.0;
				LD_RUNPATH_SEARCH_PATHS = (
					"$(inherited)",
					"@executable_path/Frameworks",
				);
				MARKETING_VERSION = 1.0;
				PRODUCT_BUNDLE_IDENTIFIER = com.ToDoApp;
				PRODUCT_NAME = "$(TARGET_NAME)";
				SWIFT_EMIT_LOC_STRINGS = YES;
				SWIFT_VERSION = 5.0;
				TARGETED_DEVICE_FAMILY = "1,2";
			};
			name = Debug;
		};
		C06AB0A62CE1F25E00B20AD2 /* Release */ = {
			isa = XCBuildConfiguration;
			buildSettings = {
				ASSETCATALOG_COMPILER_APPICON_NAME = AppIcon;
				ASSETCATALOG_COMPILER_GLOBAL_ACCENT_COLOR_NAME = AccentColor;
				CODE_SIGN_STYLE = Automatic;
				CURRENT_PROJECT_VERSION = 1;
				DEVELOPMENT_TEAM = C6YBX2MCPS;
				GENERATE_INFOPLIST_FILE = YES;
				INFOPLIST_FILE = ToDoApp/Info.plist;
				INFOPLIST_KEY_UIApplicationSupportsIndirectInputEvents = YES;
				INFOPLIST_KEY_UILaunchStoryboardName = LaunchScreen;
				INFOPLIST_KEY_UISupportedInterfaceOrientations_iPad = "UIInterfaceOrientationPortrait UIInterfaceOrientationPortraitUpsideDown UIInterfaceOrientationLandscapeLeft UIInterfaceOrientationLandscapeRight";
				INFOPLIST_KEY_UISupportedInterfaceOrientations_iPhone = "UIInterfaceOrientationPortrait UIInterfaceOrientationLandscapeLeft UIInterfaceOrientationLandscapeRight";
				IPHONEOS_DEPLOYMENT_TARGET = 16.0;
				LD_RUNPATH_SEARCH_PATHS = (
					"$(inherited)",
					"@executable_path/Frameworks",
				);
				MARKETING_VERSION = 1.0;
				PRODUCT_BUNDLE_IDENTIFIER = com.ToDoApp;
				PRODUCT_NAME = "$(TARGET_NAME)";
				SWIFT_EMIT_LOC_STRINGS = YES;
				SWIFT_VERSION = 5.0;
				TARGETED_DEVICE_FAMILY = "1,2";
			};
			name = Release;
		};
/* End XCBuildConfiguration section */

/* Begin XCConfigurationList section */
		C06AB0882CE1F25C00B20AD2 /* Build configuration list for PBXProject "ToDoApp" */ = {
			isa = XCConfigurationList;
			buildConfigurations = (
				C06AB0A22CE1F25E00B20AD2 /* Debug */,
				C06AB0A32CE1F25E00B20AD2 /* Release */,
			);
			defaultConfigurationIsVisible = 0;
			defaultConfigurationName = Release;
		};
		C06AB0A42CE1F25E00B20AD2 /* Build configuration list for PBXNativeTarget "ToDoApp" */ = {
			isa = XCConfigurationList;
			buildConfigurations = (
				C06AB0A52CE1F25E00B20AD2 /* Debug */,
				C06AB0A62CE1F25E00B20AD2 /* Release */,
			);
			defaultConfigurationIsVisible = 0;
			defaultConfigurationName = Release;
		};
/* End XCConfigurationList section */

/* Begin XCRemoteSwiftPackageReference section */
		C06AB0B02CE24A9600B20AD2 /* XCRemoteSwiftPackageReference "SnapKit" */ = {
			isa = XCRemoteSwiftPackageReference;
			repositoryURL = "https://github.com/SnapKit/SnapKit.git";
			requirement = {
				kind = upToNextMajorVersion;
				minimumVersion = 5.7.1;
			};
		};
/* End XCRemoteSwiftPackageReference section */

/* Begin XCSwiftPackageProductDependency section */
		C06AB0B12CE24A9600B20AD2 /* SnapKit */ = {
			isa = XCSwiftPackageProductDependency;
			package = C06AB0B02CE24A9600B20AD2 /* XCRemoteSwiftPackageReference "SnapKit" */;
			productName = SnapKit;
		};
/* End XCSwiftPackageProductDependency section */

/* Begin XCVersionGroup section */
		C0071E792CF0A98C003FBFF9 /* ToDoApp.xcdatamodeld */ = {
			isa = XCVersionGroup;
			children = (
				C0071E7A2CF0A98C003FBFF9 /* ToDoApp.xcdatamodel */,
			);
			currentVersion = C0071E7A2CF0A98C003FBFF9 /* ToDoApp.xcdatamodel */;
			name = ToDoApp.xcdatamodeld;
			path = /Users/zr2x/Downloads/ToDoApp/ToDoApp/ToDoApp.xcdatamodeld;
			sourceTree = "<group>";
			versionGroupType = wrapper.xcdatamodel;
		};
/* End XCVersionGroup section */
	};
	rootObject = C06AB0852CE1F25C00B20AD2 /* Project object */;
}
